
Microsoft Visual Studio Solution File, Format Version 12.00
# Visual Studio Version 17
VisualStudioVersion = 17.1.32228.430
MinimumVisualStudioVersion = 10.0.40219.1
Project("{9A19103F-16F7-4668-BE54-9A1E7A4F7556}") = "serverCsharp", "serverCsharp\serverCsharp.csproj", "{5F824294-65F7-40E4-9574-054B10953DF4}"
EndProject
Project("{9A19103F-16F7-4668-BE54-9A1E7A4F7556}") = "Bll", "Bll\Bll.csproj", "{B3FC2DF9-93A3-4536-AF2F-75FE2983AA1E}"
EndProject
Project("{9A19103F-16F7-4668-BE54-9A1E7A4F7556}") = "Dal", "Dal\Dal.csproj", "{F547AF5E-4B20-4D99-AEB3-C9A6E4C90F8C}"
EndProject
Project("{9A19103F-16F7-4668-BE54-9A1E7A4F7556}") = "Dto", "Dto\Dto.csproj", "{7451E653-062C-48B3-8498-92A459DD8700}"
EndProject
Project("{9A19103F-16F7-4668-BE54-9A1E7A4F7556}") = "Entity2", "Entity2\Entity2.csproj", "{FF9360B3-75C1-4854-9821-BF842B1DB552}"
EndProject
Project("{9A19103F-16F7-4668-BE54-9A1E7A4F7556}") = "ServerWebApi", "ServerWebApi\ServerWebApi.csproj", "{0DD18E57-8D56-4C86-80C3-EF9C392BBB54}"
EndProject
Global
	GlobalSection(SolutionConfigurationPlatforms) = preSolution
		Debug|Any CPU = Debug|Any CPU
		Release|Any CPU = Release|Any CPU
	EndGlobalSection
	GlobalSection(ProjectConfigurationPlatforms) = postSolution
		{5F824294-65F7-40E4-9574-054B10953DF4}.Debug|Any CPU.ActiveCfg = Debug|Any CPU
		{5F824294-65F7-40E4-9574-054B10953DF4}.Debug|Any CPU.Build.0 = Debug|Any CPU
		{5F824294-65F7-40E4-9574-054B10953DF4}.Release|Any CPU.ActiveCfg = Release|Any CPU
		{5F824294-65F7-40E4-9574-054B10953DF4}.Release|Any CPU.Build.0 = Release|Any CPU
		{B3FC2DF9-93A3-4536-AF2F-75FE2983AA1E}.Debug|Any CPU.ActiveCfg = Debug|Any CPU
		{B3FC2DF9-93A3-4536-AF2F-75FE2983AA1E}.Debug|Any CPU.Build.0 = Debug|Any CPU
		{B3FC2DF9-93A3-4536-AF2F-75FE2983AA1E}.Release|Any CPU.ActiveCfg = Release|Any CPU
		{B3FC2DF9-93A3-4536-AF2F-75FE2983AA1E}.Release|Any CPU.Build.0 = Release|Any CPU
		{F547AF5E-4B20-4D99-AEB3-C9A6E4C90F8C}.Debug|Any CPU.ActiveCfg = Debug|Any CPU
		{F547AF5E-4B20-4D99-AEB3-C9A6E4C90F8C}.Debug|Any CPU.Build.0 = Debug|Any CPU
		{F547AF5E-4B20-4D99-AEB3-C9A6E4C90F8C}.Release|Any CPU.ActiveCfg = Release|Any CPU
		{F547AF5E-4B20-4D99-AEB3-C9A6E4C90F8C}.Release|Any CPU.Build.0 = Release|Any CPU
		{7451E653-062C-48B3-8498-92A459DD8700}.Debug|Any CPU.ActiveCfg = Debug|Any CPU
		{7451E653-062C-48B3-8498-92A459DD8700}.Debug|Any CPU.Build.0 = Debug|Any CPU
		{7451E653-062C-48B3-8498-92A459DD8700}.Release|Any CPU.ActiveCfg = Release|Any CPU
		{7451E653-062C-48B3-8498-92A459DD8700}.Release|Any CPU.Build.0 = Release|Any CPU
		{FF9360B3-75C1-4854-9821-BF842B1DB552}.Debug|Any CPU.ActiveCfg = Debug|Any CPU
		{FF9360B3-75C1-4854-9821-BF842B1DB552}.Debug|Any CPU.Build.0 = Debug|Any CPU
		{FF9360B3-75C1-4854-9821-BF842B1DB552}.Release|Any CPU.ActiveCfg = Release|Any CPU
		{FF9360B3-75C1-4854-9821-BF842B1DB552}.Release|Any CPU.Build.0 = Release|Any CPU
		{0DD18E57-8D56-4C86-80C3-EF9C392BBB54}.Debug|Any CPU.ActiveCfg = Debug|Any CPU
		{0DD18E57-8D56-4C86-80C3-EF9C392BBB54}.Debug|Any CPU.Build.0 = Debug|Any CPU
		{0DD18E57-8D56-4C86-80C3-EF9C392BBB54}.Release|Any CPU.ActiveCfg = Release|Any CPU
		{0DD18E57-8D56-4C86-80C3-EF9C392BBB54}.Release|Any CPU.Build.0 = Release|Any CPU
	EndGlobalSection
	GlobalSection(SolutionProperties) = preSolution
		HideSolutionNode = FALSE
	EndGlobalSection
	GlobalSection(ExtensibilityGlobals) = postSolution
		SolutionGuid = {D88E835D-F27F-4E83-B41E-B3FEAB7BEF0B}
	EndGlobalSection
EndGlobal
